
Microsoft Visual Studio Solution File, Format Version 12.00
# Visual Studio Version 16
VisualStudioVersion = 16.0.32228.343
MinimumVisualStudioVersion = 10.0.40219.1
Project("{FAE04EC0-301F-11D3-BF4B-00C04F79EFBC}") = "laba9", "laba9\laba9.csproj", "{9AD98717-CF39-4E44-A6A3-D372E97DE43D}"
EndProject
Global
	GlobalSection(SolutionConfigurationPlatforms) = preSolution
		Debug|Any CPU = Debug|Any CPU
		Release|Any CPU = Release|Any CPU
	EndGlobalSection
	GlobalSection(ProjectConfigurationPlatforms) = postSolution
		{9AD98717-CF39-4E44-A6A3-D372E97DE43D}.Debug|Any CPU.ActiveCfg = Debug|Any CPU
		{9AD98717-CF39-4E44-A6A3-D372E97DE43D}.Debug|Any CPU.Build.0 = Debug|Any CPU
		{9AD98717-CF39-4E44-A6A3-D372E97DE43D}.Release|Any CPU.ActiveCfg = Release|Any CPU
		{9AD98717-CF39-4E44-A6A3-D372E97DE43D}.Release|Any CPU.Build.0 = Release|Any CPU
	EndGlobalSection
	GlobalSection(SolutionProperties) = preSolution
		HideSolutionNode = FALSE
	EndGlobalSection
	GlobalSection(ExtensibilityGlobals) = postSolution
		SolutionGuid = {DFD10F88-AAD2-4057-9CCB-4F079F665621}
	EndGlobalSection
EndGlobal
