
Microsoft Visual Studio Solution File, Format Version 12.00
# Visual Studio Version 16
VisualStudioVersion = 16.0.30907.101
MinimumVisualStudioVersion = 10.0.40219.1
Project("{FAE04EC0-301F-11D3-BF4B-00C04F79EFBC}") = "HelloWorld", "HelloWorld2\HelloWorld.csproj", "{62B81A6D-856A-40D1-B6E9-C79C6896841E}"
EndProject
Global
	GlobalSection(SolutionConfigurationPlatforms) = preSolution
		Debug|Any CPU = Debug|Any CPU
		Release|Any CPU = Release|Any CPU
	EndGlobalSection
	GlobalSection(ProjectConfigurationPlatforms) = postSolution
		{62B81A6D-856A-40D1-B6E9-C79C6896841E}.Debug|Any CPU.ActiveCfg = Debug|Any CPU
		{62B81A6D-856A-40D1-B6E9-C79C6896841E}.Debug|Any CPU.Build.0 = Debug|Any CPU
		{62B81A6D-856A-40D1-B6E9-C79C6896841E}.Release|Any CPU.ActiveCfg = Release|Any CPU
		{62B81A6D-856A-40D1-B6E9-C79C6896841E}.Release|Any CPU.Build.0 = Release|Any CPU
	EndGlobalSection
	GlobalSection(SolutionProperties) = preSolution
		HideSolutionNode = FALSE
	EndGlobalSection
	GlobalSection(ExtensibilityGlobals) = postSolution
		SolutionGuid = {887F50AF-4F00-4DCE-8993-17AF978EDC02}
	EndGlobalSection
EndGlobal
